
Microsoft Visual Studio Solution File, Format Version 12.00
# Visual Studio Version 16
VisualStudioVersion = 16.0.31410.357
MinimumVisualStudioVersion = 10.0.40219.1
Project("{FAE04EC0-301F-11D3-BF4B-00C04F79EFBC}") = "CodeWarsLib", "CodeWarsLib\CodeWarsLib.csproj", "{D86913C4-AE43-48B5-B4AD-27314E0E9BE9}"
EndProject
Project("{FAE04EC0-301F-11D3-BF4B-00C04F79EFBC}") = "CodeWarsTests", "CodeWarsTests\CodeWarsTests.csproj", "{FC9C33BE-C2D2-4B87-8472-5CDDA9BD486B}"
EndProject
Global
	GlobalSection(SolutionConfigurationPlatforms) = preSolution
		Debug|Any CPU = Debug|Any CPU
		Release|Any CPU = Release|Any CPU
	EndGlobalSection
	GlobalSection(ProjectConfigurationPlatforms) = postSolution
		{D86913C4-AE43-48B5-B4AD-27314E0E9BE9}.Debug|Any CPU.ActiveCfg = Debug|Any CPU
		{D86913C4-AE43-48B5-B4AD-27314E0E9BE9}.Debug|Any CPU.Build.0 = Debug|Any CPU
		{D86913C4-AE43-48B5-B4AD-27314E0E9BE9}.Release|Any CPU.ActiveCfg = Release|Any CPU
		{D86913C4-AE43-48B5-B4AD-27314E0E9BE9}.Release|Any CPU.Build.0 = Release|Any CPU
		{FC9C33BE-C2D2-4B87-8472-5CDDA9BD486B}.Debug|Any CPU.ActiveCfg = Debug|Any CPU
		{FC9C33BE-C2D2-4B87-8472-5CDDA9BD486B}.Debug|Any CPU.Build.0 = Debug|Any CPU
		{FC9C33BE-C2D2-4B87-8472-5CDDA9BD486B}.Release|Any CPU.ActiveCfg = Release|Any CPU
		{FC9C33BE-C2D2-4B87-8472-5CDDA9BD486B}.Release|Any CPU.Build.0 = Release|Any CPU
	EndGlobalSection
	GlobalSection(SolutionProperties) = preSolution
		HideSolutionNode = FALSE
	EndGlobalSection
	GlobalSection(ExtensibilityGlobals) = postSolution
		SolutionGuid = {73D2AB60-F438-42AF-B0F5-5B408A3FF3BA}
	EndGlobalSection
EndGlobal
